{
  "name": "simplr-router-preact-middleware",
  "version": "1.0.0",
  "lockfileVersion": 2,
  "requires": true,
  "packages": {
    "": {
      "version": "1.0.0",
      "license": "ISC",
      "dependencies": {
        "preact": "^10.3.2"
      }
    },
    "node_modules/preact": {
      "version": "10.5.9",
      "resolved": "https://registry.npmjs.org/preact/-/preact-10.5.9.tgz",
      "integrity": "sha512-X4m+4VMVINl/JFQKALOCwa3p8vhMAhBvle0hJ/W44w/WWfNb2TA7RNicDV3K2dNVs57f61GviEnVLiwN+fxiIg==",
      "funding": {
        "type": "opencollective",
        "url": "https://opencollective.com/preact"
      }
    }
  },
  "dependencies": {
    "preact": {
      "version": "10.5.9",
      "resolved": "https://registry.npmjs.org/preact/-/preact-10.5.9.tgz",
      "integrity": "sha512-X4m+4VMVINl/JFQKALOCwa3p8vhMAhBvle0hJ/W44w/WWfNb2TA7RNicDV3K2dNVs57f61GviEnVLiwN+fxiIg=="
    }
  }
}
